# This file is generated by running "yarn install" inside your project.
# Manual changes might be lost - proceed with caution!

__metadata:
  version: 8
  cacheKey: 10c0

"@codama/errors@npm:1.1.0":
  version: 1.1.0
  resolution: "@codama/errors@npm:1.1.0"
  dependencies:
    "@codama/node-types": "npm:1.1.0"
    chalk: "npm:^5.3.0"
    commander: "npm:^12.1.0"
  bin:
    errors: bin/cli.mjs
  checksum: 10c0/9e512d97b857d339240abb4b5f1dd8210e1c1e93d89383de9e3ccc90875d0b86f8ce1485da7215d05042b1cb563e07f38cc5eed6bbc388715c018876ce0b4233
  languageName: node
  linkType: hard

"@codama/node-types@npm:1.1.0":
  version: 1.1.0
  resolution: "@codama/node-types@npm:1.1.0"
  checksum: 10c0/f8ce65004e9ffd563619465ac6c05e72ddec4418ccbbb50baf5aab1256883118b2f9e41176d391955f5fa1577478db92535bb00b02c4618e09bafebb220ea1a1
  languageName: node
  linkType: hard

"@codama/nodes-from-anchor@npm:1.0.1, @codama/nodes-from-anchor@npm:^1.0.1":
  version: 1.0.1
  resolution: "@codama/nodes-from-anchor@npm:1.0.1"
  dependencies:
    "@codama/errors": "npm:1.1.0"
    "@codama/nodes": "npm:1.1.0"
    "@codama/visitors": "npm:1.1.0"
    "@noble/hashes": "npm:^1.5.0"
  checksum: 10c0/9401c89f9fba96c9fec71b569fb13b751d5b09487c35ec1c04aed0aa87fc25b39f9eaaf650f94eae5e2b1c49d62cc8eecac2c6f29fa530ea270e5aca084f6aca
  languageName: node
  linkType: hard

"@codama/nodes@npm:1.1.0":
  version: 1.1.0
  resolution: "@codama/nodes@npm:1.1.0"
  dependencies:
    "@codama/errors": "npm:1.1.0"
    "@codama/node-types": "npm:1.1.0"
  checksum: 10c0/233c5cce0004b1c517f584d61a84f469ef779248ab45bf6a31a00cc50dd9e41da0a907251cf18bfff47938bbebfaca33cac67463e28df40f40296e8ad520aea5
  languageName: node
  linkType: hard

"@codama/renderers-core@npm:1.0.1":
  version: 1.0.1
  resolution: "@codama/renderers-core@npm:1.0.1"
  dependencies:
    "@codama/errors": "npm:1.1.0"
    "@codama/nodes": "npm:1.1.0"
    "@codama/visitors-core": "npm:1.1.0"
  checksum: 10c0/32b5046662f2a7009404eefeed7f31ba11b9a9cfb1e831ac3cc589cde7ace12c5cade8b445098ec292b052a6d504fbc9de9aa35e03be83ff746efac943309494
  languageName: node
  linkType: hard

"@codama/renderers-js-umi@npm:1.1.0":
  version: 1.1.0
  resolution: "@codama/renderers-js-umi@npm:1.1.0"
  dependencies:
    "@codama/errors": "npm:1.1.0"
    "@codama/nodes": "npm:1.1.0"
    "@codama/renderers-core": "npm:1.0.1"
    "@codama/validators": "npm:1.1.0"
    "@codama/visitors-core": "npm:1.1.0"
    "@solana/codecs-strings": "npm:rc"
    nunjucks: "npm:^3.2.4"
    prettier: "npm:^3.3.3"
  checksum: 10c0/b0978f9c6516a39e4a00a1b325b26d929855672aa3046ae38aa0d3bef6d709d5fcd1ed7bdcb3f37e01480dfebba36e03861b50405e2d4830408ad20d936d0c61
  languageName: node
  linkType: hard

"@codama/renderers-js@npm:1.1.0":
  version: 1.1.0
  resolution: "@codama/renderers-js@npm:1.1.0"
  dependencies:
    "@codama/errors": "npm:1.1.0"
    "@codama/nodes": "npm:1.1.0"
    "@codama/nodes-from-anchor": "npm:1.0.1"
    "@codama/renderers-core": "npm:1.0.1"
    "@codama/visitors-core": "npm:1.1.0"
    "@solana/codecs-strings": "npm:rc"
    nunjucks: "npm:^3.2.4"
    prettier: "npm:^3.3.3"
  checksum: 10c0/6ad262f669f175e80f23b23254becdff889d70b06f95402389b53b2607f8967e0d2edd393525e74417898208da0ccb51cdbf108bc8be2b139b9c3b83c47d9c44
  languageName: node
  linkType: hard

"@codama/renderers-rust@npm:1.0.4":
  version: 1.0.4
  resolution: "@codama/renderers-rust@npm:1.0.4"
  dependencies:
    "@codama/errors": "npm:1.1.0"
    "@codama/nodes": "npm:1.1.0"
    "@codama/renderers-core": "npm:1.0.1"
    "@codama/visitors-core": "npm:1.1.0"
    "@solana/codecs-strings": "npm:rc"
    nunjucks: "npm:^3.2.4"
  checksum: 10c0/55df1d7c1a48d0b4f4ecdc93c7bf6caa15d8ba63c9605d8243a95a2d2e3f065523b893397551148733f780ff2fcacdb3832f22c92624e563ff0892912cc4feb7
  languageName: node
  linkType: hard

"@codama/renderers@npm:^1.0.4":
  version: 1.0.4
  resolution: "@codama/renderers@npm:1.0.4"
  dependencies:
    "@codama/renderers-js": "npm:1.1.0"
    "@codama/renderers-js-umi": "npm:1.1.0"
    "@codama/renderers-rust": "npm:1.0.4"
  checksum: 10c0/a36edb0d1dc31ed3425a53f0c09865c1816bd855312f67558992d159f03971e9450cf70dc988a7782e943f8ea891e83c879c17e416afb0083f29adc393ce344a
  languageName: node
  linkType: hard

"@codama/validators@npm:1.1.0":
  version: 1.1.0
  resolution: "@codama/validators@npm:1.1.0"
  dependencies:
    "@codama/errors": "npm:1.1.0"
    "@codama/nodes": "npm:1.1.0"
    "@codama/visitors-core": "npm:1.1.0"
  checksum: 10c0/400c4eb0ae445fbd14d9b0d0907e516dfdf41916a386284f5cf03db7442ccb3a785e9b99a51d5b9776f01800690ff86e2b8c324279161cfd9786c7c910c65084
  languageName: node
  linkType: hard

"@codama/visitors-core@npm:1.1.0":
  version: 1.1.0
  resolution: "@codama/visitors-core@npm:1.1.0"
  dependencies:
    "@codama/errors": "npm:1.1.0"
    "@codama/nodes": "npm:1.1.0"
    json-stable-stringify: "npm:^1.1.1"
  checksum: 10c0/e3c7e8a01f59f3a5fbfba1ec4094d5c71553bef9a6c57c93f4ef6ebcb60066ea67a0711b9b704b22c6f24e79297c797a07273b64ff1789939a73a5dcdb1e4fc2
  languageName: node
  linkType: hard

"@codama/visitors@npm:1.1.0":
  version: 1.1.0
  resolution: "@codama/visitors@npm:1.1.0"
  dependencies:
    "@codama/errors": "npm:1.1.0"
    "@codama/nodes": "npm:1.1.0"
    "@codama/visitors-core": "npm:1.1.0"
  checksum: 10c0/6740bfa0e313008c451b835954b3c5129980b7acfcb171f90ea98488a6e55595f29a42551de02fb5b567709280445b7acf4c57a642084f326e03614f108207a8
  languageName: node
  linkType: hard

"@noble/hashes@npm:^1.5.0":
  version: 1.6.1
  resolution: "@noble/hashes@npm:1.6.1"
  checksum: 10c0/27643cd8b551bc933b57cc29aa8c8763d586552fc4c3e06ecf7897f55be3463c0c9dff7f6ebacd88e5ce6d0cdb5415ca4874d0cf4359b5ea4a85be21ada03aab
  languageName: node
  linkType: hard

"@solana/codecs-core@npm:2.0.0-rc.4":
  version: 2.0.0-rc.4
  resolution: "@solana/codecs-core@npm:2.0.0-rc.4"
  dependencies:
    "@solana/errors": "npm:2.0.0-rc.4"
  peerDependencies:
    typescript: ">=5"
  checksum: 10c0/2ffd43d19f6b1c0209fc023efd5ac8b669d1c37d09986eb83eefbbdfadbfa8c864d18362e63752334fecae7be95df0fd0777d12847f90cfe615350e2eac7f7ee
  languageName: node
  linkType: hard

"@solana/codecs-numbers@npm:2.0.0-rc.4":
  version: 2.0.0-rc.4
  resolution: "@solana/codecs-numbers@npm:2.0.0-rc.4"
  dependencies:
    "@solana/codecs-core": "npm:2.0.0-rc.4"
    "@solana/errors": "npm:2.0.0-rc.4"
  peerDependencies:
    typescript: ">=5"
  checksum: 10c0/d617f21bddc9ccba9dc78d2aff53ea5297dfdf516ff6126acf07bf831ba3a0299c54f6cfbc57db90710d137c8c3922ad7c9d29ca659f14f9dda4931ddb778937
  languageName: node
  linkType: hard

"@solana/codecs-strings@npm:rc":
  version: 2.0.0-rc.4
  resolution: "@solana/codecs-strings@npm:2.0.0-rc.4"
  dependencies:
    "@solana/codecs-core": "npm:2.0.0-rc.4"
    "@solana/codecs-numbers": "npm:2.0.0-rc.4"
    "@solana/errors": "npm:2.0.0-rc.4"
  peerDependencies:
    fastestsmallesttextencoderdecoder: ^1.0.22
    typescript: ">=5"
  checksum: 10c0/11bd1ed62d1742cf49441b7b272a59785394a9e8fd8c55831a1875c41398c4024dfe9c66c6f481eeacd53438a6df838e4d4e77d29189d974c3562a53a20c0c53
  languageName: node
  linkType: hard

"@solana/errors@npm:2.0.0-rc.4":
  version: 2.0.0-rc.4
  resolution: "@solana/errors@npm:2.0.0-rc.4"
  dependencies:
    chalk: "npm:^5.3.0"
    commander: "npm:^12.1.0"
  peerDependencies:
    typescript: ">=5"
  bin:
    errors: bin/cli.mjs
  checksum: 10c0/18eca9063967411925e144c2987434a0cccbaab3e3ee71a92986b3679143df470004988ca8c56c7c64c47149c63033f6b139b506acde75efbfa36668c1f1dc51
  languageName: node
  linkType: hard

"a-sync-waterfall@npm:^1.0.0":
  version: 1.0.1
  resolution: "a-sync-waterfall@npm:1.0.1"
  checksum: 10c0/1c7b258da2c77eb1447dcc683afb10ca3dc8880de990562ccbb7b282538aba01e910345ce9e8500c1458272c7866b85fcfa5ca8159e33550b011ab5c586ec5a4
  languageName: node
  linkType: hard

"asap@npm:^2.0.3":
  version: 2.0.6
  resolution: "asap@npm:2.0.6"
  checksum: 10c0/c6d5e39fe1f15e4b87677460bd66b66050cd14c772269cee6688824c1410a08ab20254bb6784f9afb75af9144a9f9a7692d49547f4d19d715aeb7c0318f3136d
  languageName: node
  linkType: hard

"call-bind-apply-helpers@npm:^1.0.0, call-bind-apply-helpers@npm:^1.0.1":
  version: 1.0.1
  resolution: "call-bind-apply-helpers@npm:1.0.1"
  dependencies:
    es-errors: "npm:^1.3.0"
    function-bind: "npm:^1.1.2"
  checksum: 10c0/acb2ab68bf2718e68a3e895f0d0b73ccc9e45b9b6f210f163512ba76f91dab409eb8792f6dae188356f9095747512a3101646b3dea9d37fb8c7c6bf37796d18c
  languageName: node
  linkType: hard

"call-bind@npm:^1.0.8":
  version: 1.0.8
  resolution: "call-bind@npm:1.0.8"
  dependencies:
    call-bind-apply-helpers: "npm:^1.0.0"
    es-define-property: "npm:^1.0.0"
    get-intrinsic: "npm:^1.2.4"
    set-function-length: "npm:^1.2.2"
  checksum: 10c0/a13819be0681d915144467741b69875ae5f4eba8961eb0bf322aab63ec87f8250eb6d6b0dcbb2e1349876412a56129ca338592b3829ef4343527f5f18a0752d4
  languageName: node
  linkType: hard

"call-bound@npm:^1.0.3":
  version: 1.0.3
  resolution: "call-bound@npm:1.0.3"
  dependencies:
    call-bind-apply-helpers: "npm:^1.0.1"
    get-intrinsic: "npm:^1.2.6"
  checksum: 10c0/45257b8e7621067304b30dbd638e856cac913d31e8e00a80d6cf172911acd057846572d0b256b45e652d515db6601e2974a1b1a040e91b4fc36fb3dd86fa69cf
  languageName: node
  linkType: hard

"chalk@npm:^5.3.0":
  version: 5.3.0
  resolution: "chalk@npm:5.3.0"
  checksum: 10c0/8297d436b2c0f95801103ff2ef67268d362021b8210daf8ddbe349695333eb3610a71122172ff3b0272f1ef2cf7cc2c41fdaa4715f52e49ffe04c56340feed09
  languageName: node
  linkType: hard

"codama@npm:^1.1.0":
  version: 1.1.0
  resolution: "codama@npm:1.1.0"
  dependencies:
    "@codama/errors": "npm:1.1.0"
    "@codama/nodes": "npm:1.1.0"
    "@codama/validators": "npm:1.1.0"
    "@codama/visitors": "npm:1.1.0"
  checksum: 10c0/210a8e8e94183a53800e80eba59a71f8fdaa4889edd323d90ac9ce1b86b238456c89dd674b2f89435775558e1673d84fab5306cc409d3a8f85800db511d7e57e
  languageName: node
  linkType: hard

"commander@npm:^12.1.0":
  version: 12.1.0
  resolution: "commander@npm:12.1.0"
  checksum: 10c0/6e1996680c083b3b897bfc1cfe1c58dfbcd9842fd43e1aaf8a795fbc237f65efcc860a3ef457b318e73f29a4f4a28f6403c3d653d021d960e4632dd45bde54a9
  languageName: node
  linkType: hard

"commander@npm:^5.1.0":
  version: 5.1.0
  resolution: "commander@npm:5.1.0"
  checksum: 10c0/da9d71dbe4ce039faf1fe9eac3771dca8c11d66963341f62602f7b66e36d2a3f8883407af4f9a37b1db1a55c59c0c1325f186425764c2e963dc1d67aec2a4b6d
  languageName: node
  linkType: hard

"corepack@npm:^0.29.3":
  version: 0.29.4
  resolution: "corepack@npm:0.29.4"
  bin:
    corepack: ./dist/corepack.js
    pnpm: ./dist/pnpm.js
    pnpx: ./dist/pnpx.js
    yarn: ./dist/yarn.js
    yarnpkg: ./dist/yarnpkg.js
  checksum: 10c0/7c6d57804436d0c0bc407ba662ee5628fcfe5b3c9edd0afe7e71801ba325781d6014b0b8d4cb77d3f0eb4b7f11104c9486d9c9bb748c49ca3baa569e5b373a08
  languageName: node
  linkType: hard

"define-data-property@npm:^1.1.4":
  version: 1.1.4
  resolution: "define-data-property@npm:1.1.4"
  dependencies:
    es-define-property: "npm:^1.0.0"
    es-errors: "npm:^1.3.0"
    gopd: "npm:^1.0.1"
  checksum: 10c0/dea0606d1483eb9db8d930d4eac62ca0fa16738b0b3e07046cddfacf7d8c868bbe13fa0cb263eb91c7d0d527960dc3f2f2471a69ed7816210307f6744fe62e37
  languageName: node
  linkType: hard

"dunder-proto@npm:^1.0.0":
  version: 1.0.1
  resolution: "dunder-proto@npm:1.0.1"
  dependencies:
    call-bind-apply-helpers: "npm:^1.0.1"
    es-errors: "npm:^1.3.0"
    gopd: "npm:^1.2.0"
  checksum: 10c0/199f2a0c1c16593ca0a145dbf76a962f8033ce3129f01284d48c45ed4e14fea9bbacd7b3610b6cdc33486cef20385ac054948fefc6272fcce645c09468f93031
  languageName: node
  linkType: hard

"es-define-property@npm:^1.0.0, es-define-property@npm:^1.0.1":
  version: 1.0.1
  resolution: "es-define-property@npm:1.0.1"
  checksum: 10c0/3f54eb49c16c18707949ff25a1456728c883e81259f045003499efba399c08bad00deebf65cccde8c0e07908c1a225c9d472b7107e558f2a48e28d530e34527c
  languageName: node
  linkType: hard

"es-errors@npm:^1.3.0":
  version: 1.3.0
  resolution: "es-errors@npm:1.3.0"
  checksum: 10c0/0a61325670072f98d8ae3b914edab3559b6caa980f08054a3b872052640d91da01d38df55df797fcc916389d77fc92b8d5906cf028f4db46d7e3003abecbca85
  languageName: node
  linkType: hard

"es-object-atoms@npm:^1.0.0":
  version: 1.0.0
  resolution: "es-object-atoms@npm:1.0.0"
  dependencies:
    es-errors: "npm:^1.3.0"
  checksum: 10c0/1fed3d102eb27ab8d983337bb7c8b159dd2a1e63ff833ec54eea1311c96d5b08223b433060ba240541ca8adba9eee6b0a60cdbf2f80634b784febc9cc8b687b4
  languageName: node
  linkType: hard

"function-bind@npm:^1.1.2":
  version: 1.1.2
  resolution: "function-bind@npm:1.1.2"
  checksum: 10c0/d8680ee1e5fcd4c197e4ac33b2b4dce03c71f4d91717292785703db200f5c21f977c568d28061226f9b5900cbcd2c84463646134fd5337e7925e0942bc3f46d5
  languageName: node
  linkType: hard

"get-intrinsic@npm:^1.2.4, get-intrinsic@npm:^1.2.6":
  version: 1.2.6
  resolution: "get-intrinsic@npm:1.2.6"
  dependencies:
    call-bind-apply-helpers: "npm:^1.0.1"
    dunder-proto: "npm:^1.0.0"
    es-define-property: "npm:^1.0.1"
    es-errors: "npm:^1.3.0"
    es-object-atoms: "npm:^1.0.0"
    function-bind: "npm:^1.1.2"
    gopd: "npm:^1.2.0"
    has-symbols: "npm:^1.1.0"
    hasown: "npm:^2.0.2"
    math-intrinsics: "npm:^1.0.0"
  checksum: 10c0/0f1ea6d807d97d074e8a31ac698213a12757fcfa9a8f4778263d2e4702c40fe83198aadd3dba2e99aabc2e4cf8a38345545dbb0518297d3df8b00b56a156c32a
  languageName: node
  linkType: hard

"gopd@npm:^1.0.1, gopd@npm:^1.2.0":
  version: 1.2.0
  resolution: "gopd@npm:1.2.0"
  checksum: 10c0/50fff1e04ba2b7737c097358534eacadad1e68d24cccee3272e04e007bed008e68d2614f3987788428fd192a5ae3889d08fb2331417e4fc4a9ab366b2043cead
  languageName: node
  linkType: hard

"has-property-descriptors@npm:^1.0.2":
  version: 1.0.2
  resolution: "has-property-descriptors@npm:1.0.2"
  dependencies:
    es-define-property: "npm:^1.0.0"
  checksum: 10c0/253c1f59e80bb476cf0dde8ff5284505d90c3bdb762983c3514d36414290475fe3fd6f574929d84de2a8eec00d35cf07cb6776205ff32efd7c50719125f00236
  languageName: node
  linkType: hard

"has-symbols@npm:^1.1.0":
  version: 1.1.0
  resolution: "has-symbols@npm:1.1.0"
  checksum: 10c0/dde0a734b17ae51e84b10986e651c664379018d10b91b6b0e9b293eddb32f0f069688c841fb40f19e9611546130153e0a2a48fd7f512891fb000ddfa36f5a20e
  languageName: node
  linkType: hard

"hasown@npm:^2.0.2":
  version: 2.0.2
  resolution: "hasown@npm:2.0.2"
  dependencies:
    function-bind: "npm:^1.1.2"
  checksum: 10c0/3769d434703b8ac66b209a4cca0737519925bbdb61dd887f93a16372b14694c63ff4e797686d87c90f08168e81082248b9b028bad60d4da9e0d1148766f56eb9
  languageName: node
  linkType: hard

"isarray@npm:^2.0.5":
  version: 2.0.5
  resolution: "isarray@npm:2.0.5"
  checksum: 10c0/4199f14a7a13da2177c66c31080008b7124331956f47bca57dd0b6ea9f11687aa25e565a2c7a2b519bc86988d10398e3049a1f5df13c9f6b7664154690ae79fd
  languageName: node
  linkType: hard

"json-stable-stringify@npm:^1.1.1":
  version: 1.2.0
  resolution: "json-stable-stringify@npm:1.2.0"
  dependencies:
    call-bind: "npm:^1.0.8"
    call-bound: "npm:^1.0.3"
    isarray: "npm:^2.0.5"
    jsonify: "npm:^0.0.1"
    object-keys: "npm:^1.1.1"
  checksum: 10c0/a0b38a4888cf571be15006d1f26ddc06336865f24ae15ab13a6f927d730a4f206b75d5097732e323a1fa301b9feeb828e1b933b4a6365877d85a0abc7624683e
  languageName: node
  linkType: hard

"jsonify@npm:^0.0.1":
  version: 0.0.1
  resolution: "jsonify@npm:0.0.1"
  checksum: 10c0/7f5499cdd59a0967ed35bda48b7cec43d850bbc8fb955cdd3a1717bb0efadbe300724d5646de765bb7a99fc1c3ab06eb80d93503c6faaf99b4ff50a3326692f6
  languageName: node
  linkType: hard

"math-intrinsics@npm:^1.0.0":
  version: 1.0.0
  resolution: "math-intrinsics@npm:1.0.0"
  checksum: 10c0/470ee2f267b4b3698eb9faa7f0bcf88696d87e2eeab25bba867dc676c09ddbae9b6f2e8ac7a2c1f0c9c2c5299c2a89f4f1f6d0e70d682725e2e7fca7507eef9f
  languageName: node
  linkType: hard

"ncn-portal-engine@workspace:.":
  version: 0.0.0-use.local
  resolution: "ncn-portal-engine@workspace:."
  dependencies:
    "@codama/nodes-from-anchor": "npm:^1.0.1"
    "@codama/renderers": "npm:^1.0.4"
    codama: "npm:^1.1.0"
    corepack: "npm:^0.29.3"
    yarn: "npm:2.4.3"
  languageName: unknown
  linkType: soft

"nunjucks@npm:^3.2.4":
  version: 3.2.4
  resolution: "nunjucks@npm:3.2.4"
  dependencies:
    a-sync-waterfall: "npm:^1.0.0"
    asap: "npm:^2.0.3"
    commander: "npm:^5.1.0"
  peerDependencies:
    chokidar: ^3.3.0
  peerDependenciesMeta:
    chokidar:
      optional: true
  bin:
    nunjucks-precompile: bin/precompile
  checksum: 10c0/7fe5197559b7c09972c79e2a86f9c093459b9075bc9b41134cd2bc599ae93567b53bd09d472a748edc736192d9ccd2998aa8c20cfcbe6a3fffd281f91897c888
  languageName: node
  linkType: hard

"object-keys@npm:^1.1.1":
  version: 1.1.1
  resolution: "object-keys@npm:1.1.1"
  checksum: 10c0/b11f7ccdbc6d406d1f186cdadb9d54738e347b2692a14439ca5ac70c225fa6db46db809711b78589866d47b25fc3e8dee0b4c722ac751e11180f9380e3d8601d
  languageName: node
  linkType: hard

"prettier@npm:^3.3.3":
  version: 3.4.2
  resolution: "prettier@npm:3.4.2"
  bin:
    prettier: bin/prettier.cjs
  checksum: 10c0/99e076a26ed0aba4ebc043880d0f08bbb8c59a4c6641cdee6cdadf2205bdd87aa1d7823f50c3aea41e015e99878d37c58d7b5f0e663bba0ef047f94e36b96446
  languageName: node
  linkType: hard

"set-function-length@npm:^1.2.2":
  version: 1.2.2
  resolution: "set-function-length@npm:1.2.2"
  dependencies:
    define-data-property: "npm:^1.1.4"
    es-errors: "npm:^1.3.0"
    function-bind: "npm:^1.1.2"
    get-intrinsic: "npm:^1.2.4"
    gopd: "npm:^1.0.1"
    has-property-descriptors: "npm:^1.0.2"
  checksum: 10c0/82850e62f412a258b71e123d4ed3873fa9377c216809551192bb6769329340176f109c2eeae8c22a8d386c76739855f78e8716515c818bcaef384b51110f0f3c
  languageName: node
  linkType: hard

"yarn@npm:2.4.3":
  version: 2.4.3
  resolution: "yarn@npm:2.4.3"
  bin:
    yarn: ./bin/yarn.js
    yarnpkg: ./bin/yarn.js
  checksum: 10c0/0dd64b4d805672400606773f12d0b4de4538b3e8d241ede317e3bbbd84f0308c69618281bb06aeedcf4c534fbf9e2288e143f4f970dc72b8ab1a1310efea9b8f
  languageName: node
  linkType: hard
